
Microsoft Visual Studio Solution File, Format Version 12.00
# Visual Studio Version 16
VisualStudioVersion = 16.0.31729.503
MinimumVisualStudioVersion = 10.0.40219.1
Project("{9A19103F-16F7-4668-BE54-9A1E7A4F7556}") = "DualEmaCrossStrategy", "DualEmaCrossStrategy\DualEmaCrossStrategy.csproj", "{1FA03811-A71E-4661-B9E8-C8D09E445AF3}"
EndProject
Global
	GlobalSection(SolutionConfigurationPlatforms) = preSolution
		Debug|Any CPU = Debug|Any CPU
		Release|Any CPU = Release|Any CPU
	EndGlobalSection
	GlobalSection(ProjectConfigurationPlatforms) = postSolution
		{1FA03811-A71E-4661-B9E8-C8D09E445AF3}.Debug|Any CPU.ActiveCfg = Debug|Any CPU
		{1FA03811-A71E-4661-B9E8-C8D09E445AF3}.Debug|Any CPU.Build.0 = Debug|Any CPU
		{1FA03811-A71E-4661-B9E8-C8D09E445AF3}.Release|Any CPU.ActiveCfg = Release|Any CPU
		{1FA03811-A71E-4661-B9E8-C8D09E445AF3}.Release|Any CPU.Build.0 = Release|Any CPU
	EndGlobalSection
	GlobalSection(SolutionProperties) = preSolution
		HideSolutionNode = FALSE
	EndGlobalSection
	GlobalSection(ExtensibilityGlobals) = postSolution
		SolutionGuid = {E0B3640C-023A-4C14-A83F-CB075FB625FB}
	EndGlobalSection
EndGlobal
